
Microsoft Visual Studio Solution File, Format Version 12.00
# Visual Studio 15
VisualStudioVersion = 15.0.27004.2005
MinimumVisualStudioVersion = 10.0.40219.1
Project("{2150E333-8FDC-42A3-9474-1A3956D46DE8}") = "Glyph", "Glyph", "{66493256-532E-439D-9F3E-5C7BB8C9C7AA}"
EndProject
Project("{2150E333-8FDC-42A3-9474-1A3956D46DE8}") = "External", "External", "{BE0BEC3B-45B1-4C4E-BCE0-5CBCD28D8475}"
EndProject
Project("{FAE04EC0-301F-11D3-BF4B-00C04F79EFBC}") = "Diese", "External\Glyph\External\Fingear\External\Stave\External\Diese\Diese\Diese.csproj", "{F2F3FEB2-8453-409E-B00C-96DC64AC8020}"
EndProject
Project("{FAE04EC0-301F-11D3-BF4B-00C04F79EFBC}") = "Diese.Collections", "External\Glyph\External\Fingear\External\Stave\External\Diese\Diese.Collections\Diese.Collections.csproj", "{8E354191-E8E5-498B-9C24-A6765DA86417}"
EndProject
Project("{FAE04EC0-301F-11D3-BF4B-00C04F79EFBC}") = "Diese.Graph", "External\Glyph\External\Fingear\External\Stave\External\Diese\Diese.Graph\Diese.Graph.csproj", "{BBC6C938-95A5-4CBF-AA6B-DA2A9A09C4F1}"
EndProject
Project("{FAE04EC0-301F-11D3-BF4B-00C04F79EFBC}") = "Diese.Injection", "External\Glyph\External\Fingear\External\Stave\External\Diese\Diese.Injection\Diese.Injection.csproj", "{6ADD41DC-F168-43C4-AD4E-F6B8218D8F7C}"
EndProject
Project("{FAE04EC0-301F-11D3-BF4B-00C04F79EFBC}") = "Diese.Linseq", "External\Glyph\External\Fingear\External\Stave\External\Diese\Diese.Linseq\Diese.Linseq.csproj", "{F9D2ED94-6FA3-46FB-A50B-83C486F33EEB}"
EndProject
Project("{FAE04EC0-301F-11D3-BF4B-00C04F79EFBC}") = "Diese.Modelization", "External\Glyph\External\Fingear\External\Stave\External\Diese\Diese.Modelization\Diese.Modelization.csproj", "{0781AD0F-EB0F-442E-9A1C-34C2AA9319FD}"
EndProject
Project("{FAE04EC0-301F-11D3-BF4B-00C04F79EFBC}") = "Diese.Scheduling", "External\Glyph\External\Fingear\External\Stave\External\Diese\Diese.Scheduling\Diese.Scheduling.csproj", "{ED3283B6-9691-4418-96D0-6E83AEE37540}"
EndProject
Project("{FAE04EC0-301F-11D3-BF4B-00C04F79EFBC}") = "Diese.Serialization", "External\Glyph\External\Fingear\External\Stave\External\Diese\Diese.Serialization\Diese.Serialization.csproj", "{4AE2D764-4161-453D-8B2D-BD66607EC27A}"
EndProject
Project("{FAE04EC0-301F-11D3-BF4B-00C04F79EFBC}") = "Stave", "External\Glyph\External\Fingear\External\Stave\Stave\Stave.csproj", "{38A041E6-5AA9-4C22-B96F-35167F171959}"
EndProject
Project("{FAE04EC0-301F-11D3-BF4B-00C04F79EFBC}") = "Fingear", "External\Glyph\External\Fingear\Fingear\Fingear.csproj", "{7EE0B116-6B49-4073-99D8-827DD68B8AE0}"
EndProject
Project("{FAE04EC0-301F-11D3-BF4B-00C04F79EFBC}") = "Fingear.MonoGame", "External\Glyph\External\Fingear\Fingear.MonoGame\Fingear.MonoGame.csproj", "{9EEF1863-44BE-423E-A29D-088C23AAC45E}"
EndProject
Project("{FAE04EC0-301F-11D3-BF4B-00C04F79EFBC}") = "MonoGame.Framework.WpfInterop", "External\Glyph\External\MonoGame.Framework.WpfInterop\MonoGame.Framework.WpfInterop\MonoGame.Framework.WpfInterop.csproj", "{809F0D79-AEDC-4754-A213-FDBE97CCD6D6}"
EndProject
Project("{FAE04EC0-301F-11D3-BF4B-00C04F79EFBC}") = "Glyph.Animation", "External\Glyph\Glyph.Animation\Glyph.Animation.csproj", "{2384DA3A-F989-4B1B-9044-A005CE8F4AB6}"
EndProject
Project("{FAE04EC0-301F-11D3-BF4B-00C04F79EFBC}") = "Glyph.Application", "External\Glyph\Glyph.Application\Glyph.Application.csproj", "{5D6CC7F3-0720-4242-A0FB-678E7D76F147}"
EndProject
Project("{FAE04EC0-301F-11D3-BF4B-00C04F79EFBC}") = "Glyph.Audio", "External\Glyph\Glyph.Audio\Glyph.Audio.csproj", "{46AA8A4B-5A43-45F3-99E4-B7BAD0D47FEA}"
EndProject
Project("{FAE04EC0-301F-11D3-BF4B-00C04F79EFBC}") = "Glyph.Composition", "External\Glyph\Glyph.Composition\Glyph.Composition.csproj", "{8D4F4138-EB36-4427-9A2B-10A50723268C}"
EndProject
Project("{FAE04EC0-301F-11D3-BF4B-00C04F79EFBC}") = "Glyph.Core", "External\Glyph\Glyph.Core\Glyph.Core.csproj", "{BC40E833-0EAA-4BBC-97D8-1541276BBA54}"
EndProject
Project("{FAE04EC0-301F-11D3-BF4B-00C04F79EFBC}") = "Glyph.Effects", "External\Glyph\Glyph.Effects\Glyph.Effects.csproj", "{C1E7FE9C-0D98-4F1C-A6B2-11DFDB431F8A}"
EndProject
Project("{FAE04EC0-301F-11D3-BF4B-00C04F79EFBC}") = "Glyph.Engine", "External\Glyph\Glyph.Engine\Glyph.Engine.csproj", "{25400349-233E-404D-BB4E-A0CB4AF893EA}"
EndProject
Project("{FAE04EC0-301F-11D3-BF4B-00C04F79EFBC}") = "Glyph.Graphics", "External\Glyph\Glyph.Graphics\Glyph.Graphics.csproj", "{CC4D895F-646F-43C8-B25E-81CF5803ED7A}"
EndProject
Project("{FAE04EC0-301F-11D3-BF4B-00C04F79EFBC}") = "Glyph.Graphics.Particles", "External\Glyph\Glyph.Graphics.Particles\Glyph.Graphics.Particles.csproj", "{5292934A-D0E4-47FD-98FA-0A32B37657D3}"
EndProject
Project("{FAE04EC0-301F-11D3-BF4B-00C04F79EFBC}") = "Glyph.Messaging", "External\Glyph\Glyph.Messaging\Glyph.Messaging.csproj", "{26405F4B-4532-4F48-A96F-594A70C12B3E}"
EndProject
Project("{FAE04EC0-301F-11D3-BF4B-00C04F79EFBC}") = "Glyph.Particles", "External\Glyph\Glyph.Particles\Glyph.Particles.csproj", "{1070485B-D9FE-4AA2-889A-5F809021C447}"
EndProject
Project("{FAE04EC0-301F-11D3-BF4B-00C04F79EFBC}") = "Glyph.Physics", "External\Glyph\Glyph.Physics\Glyph.Physics.csproj", "{008028BF-EE7E-4D70-8FD5-14EC3AFA26DA}"
EndProject
Project("{FAE04EC0-301F-11D3-BF4B-00C04F79EFBC}") = "Glyph.Scripting", "External\Glyph\Glyph.Scripting\Glyph.Scripting.csproj", "{71BD4FA9-4CA8-426B-92D0-D32CF9D40794}"
EndProject
Project("{FAE04EC0-301F-11D3-BF4B-00C04F79EFBC}") = "Glyph.Space", "External\Glyph\Glyph.Space\Glyph.Space.csproj", "{068202CC-E943-4718-9771-62D72E50623E}"
EndProject
Project("{FAE04EC0-301F-11D3-BF4B-00C04F79EFBC}") = "Glyph.Tools", "External\Glyph\Glyph.Tools\Glyph.Tools.csproj", "{6692F3F4-E1EA-4D53-B0A1-2DBA67414FC2}"
EndProject
Project("{FAE04EC0-301F-11D3-BF4B-00C04F79EFBC}") = "Glyph.UI", "External\Glyph\Glyph.UI\Glyph.UI.csproj", "{47E66422-AEFC-4B28-92C3-356FFD2E783C}"
EndProject
Project("{FAE04EC0-301F-11D3-BF4B-00C04F79EFBC}") = "Glyph.WpfInterop", "External\Glyph\Glyph.WpfInterop\Glyph.WpfInterop.csproj", "{DE8D6CFE-29E2-4B00-A32B-A85A5CA583C6}"
EndProject
Project("{FAE04EC0-301F-11D3-BF4B-00C04F79EFBC}") = "Glyph", "External\Glyph\Glyph\Glyph.csproj", "{457CBBF3-26C7-478B-B4EB-1F85FF3C07F5}"
EndProject
Project("{FAE04EC0-301F-11D3-BF4B-00C04F79EFBC}") = "Diese.Debug", "External\Glyph\External\Fingear\External\Stave\External\Diese\Diese.Debug\Diese.Debug.csproj", "{CF81F12F-4EFA-4A26-9853-DF86973533CE}"
EndProject
Global
	GlobalSection(SolutionConfigurationPlatforms) = preSolution
		Debug|Any CPU = Debug|Any CPU
		Release|Any CPU = Release|Any CPU
	EndGlobalSection
	GlobalSection(ProjectConfigurationPlatforms) = postSolution
		{F2F3FEB2-8453-409E-B00C-96DC64AC8020}.Debug|Any CPU.ActiveCfg = Debug|Any CPU
		{F2F3FEB2-8453-409E-B00C-96DC64AC8020}.Debug|Any CPU.Build.0 = Debug|Any CPU
		{F2F3FEB2-8453-409E-B00C-96DC64AC8020}.Release|Any CPU.ActiveCfg = Release|Any CPU
		{F2F3FEB2-8453-409E-B00C-96DC64AC8020}.Release|Any CPU.Build.0 = Release|Any CPU
		{8E354191-E8E5-498B-9C24-A6765DA86417}.Debug|Any CPU.ActiveCfg = Debug|Any CPU
		{8E354191-E8E5-498B-9C24-A6765DA86417}.Debug|Any CPU.Build.0 = Debug|Any CPU
		{8E354191-E8E5-498B-9C24-A6765DA86417}.Release|Any CPU.ActiveCfg = Release|Any CPU
		{8E354191-E8E5-498B-9C24-A6765DA86417}.Release|Any CPU.Build.0 = Release|Any CPU
		{BBC6C938-95A5-4CBF-AA6B-DA2A9A09C4F1}.Debug|Any CPU.ActiveCfg = Debug|Any CPU
		{BBC6C938-95A5-4CBF-AA6B-DA2A9A09C4F1}.Debug|Any CPU.Build.0 = Debug|Any CPU
		{BBC6C938-95A5-4CBF-AA6B-DA2A9A09C4F1}.Release|Any CPU.ActiveCfg = Release|Any CPU
		{BBC6C938-95A5-4CBF-AA6B-DA2A9A09C4F1}.Release|Any CPU.Build.0 = Release|Any CPU
		{6ADD41DC-F168-43C4-AD4E-F6B8218D8F7C}.Debug|Any CPU.ActiveCfg = Debug|Any CPU
		{6ADD41DC-F168-43C4-AD4E-F6B8218D8F7C}.Debug|Any CPU.Build.0 = Debug|Any CPU
		{6ADD41DC-F168-43C4-AD4E-F6B8218D8F7C}.Release|Any CPU.ActiveCfg = Release|Any CPU
		{6ADD41DC-F168-43C4-AD4E-F6B8218D8F7C}.Release|Any CPU.Build.0 = Release|Any CPU
		{F9D2ED94-6FA3-46FB-A50B-83C486F33EEB}.Debug|Any CPU.ActiveCfg = Debug|Any CPU
		{F9D2ED94-6FA3-46FB-A50B-83C486F33EEB}.Debug|Any CPU.Build.0 = Debug|Any CPU
		{F9D2ED94-6FA3-46FB-A50B-83C486F33EEB}.Release|Any CPU.ActiveCfg = Release|Any CPU
		{F9D2ED94-6FA3-46FB-A50B-83C486F33EEB}.Release|Any CPU.Build.0 = Release|Any CPU
		{0781AD0F-EB0F-442E-9A1C-34C2AA9319FD}.Debug|Any CPU.ActiveCfg = Debug|Any CPU
		{0781AD0F-EB0F-442E-9A1C-34C2AA9319FD}.Debug|Any CPU.Build.0 = Debug|Any CPU
		{0781AD0F-EB0F-442E-9A1C-34C2AA9319FD}.Release|Any CPU.ActiveCfg = Release|Any CPU
		{0781AD0F-EB0F-442E-9A1C-34C2AA9319FD}.Release|Any CPU.Build.0 = Release|Any CPU
		{ED3283B6-9691-4418-96D0-6E83AEE37540}.Debug|Any CPU.ActiveCfg = Debug|Any CPU
		{ED3283B6-9691-4418-96D0-6E83AEE37540}.Debug|Any CPU.Build.0 = Debug|Any CPU
		{ED3283B6-9691-4418-96D0-6E83AEE37540}.Release|Any CPU.ActiveCfg = Release|Any CPU
		{ED3283B6-9691-4418-96D0-6E83AEE37540}.Release|Any CPU.Build.0 = Release|Any CPU
		{4AE2D764-4161-453D-8B2D-BD66607EC27A}.Debug|Any CPU.ActiveCfg = Debug|Any CPU
		{4AE2D764-4161-453D-8B2D-BD66607EC27A}.Debug|Any CPU.Build.0 = Debug|Any CPU
		{4AE2D764-4161-453D-8B2D-BD66607EC27A}.Release|Any CPU.ActiveCfg = Release|Any CPU
		{4AE2D764-4161-453D-8B2D-BD66607EC27A}.Release|Any CPU.Build.0 = Release|Any CPU
		{38A041E6-5AA9-4C22-B96F-35167F171959}.Debug|Any CPU.ActiveCfg = Debug|Any CPU
		{38A041E6-5AA9-4C22-B96F-35167F171959}.Debug|Any CPU.Build.0 = Debug|Any CPU
		{38A041E6-5AA9-4C22-B96F-35167F171959}.Release|Any CPU.ActiveCfg = Release|Any CPU
		{38A041E6-5AA9-4C22-B96F-35167F171959}.Release|Any CPU.Build.0 = Release|Any CPU
		{7EE0B116-6B49-4073-99D8-827DD68B8AE0}.Debug|Any CPU.ActiveCfg = Debug|Any CPU
		{7EE0B116-6B49-4073-99D8-827DD68B8AE0}.Debug|Any CPU.Build.0 = Debug|Any CPU
		{7EE0B116-6B49-4073-99D8-827DD68B8AE0}.Release|Any CPU.ActiveCfg = Release|Any CPU
		{7EE0B116-6B49-4073-99D8-827DD68B8AE0}.Release|Any CPU.Build.0 = Release|Any CPU
		{9EEF1863-44BE-423E-A29D-088C23AAC45E}.Debug|Any CPU.ActiveCfg = Debug|Any CPU
		{9EEF1863-44BE-423E-A29D-088C23AAC45E}.Debug|Any CPU.Build.0 = Debug|Any CPU
		{9EEF1863-44BE-423E-A29D-088C23AAC45E}.Release|Any CPU.ActiveCfg = Release|Any CPU
		{9EEF1863-44BE-423E-A29D-088C23AAC45E}.Release|Any CPU.Build.0 = Release|Any CPU
		{809F0D79-AEDC-4754-A213-FDBE97CCD6D6}.Debug|Any CPU.ActiveCfg = Debug|Any CPU
		{809F0D79-AEDC-4754-A213-FDBE97CCD6D6}.Debug|Any CPU.Build.0 = Debug|Any CPU
		{809F0D79-AEDC-4754-A213-FDBE97CCD6D6}.Release|Any CPU.ActiveCfg = Release|Any CPU
		{809F0D79-AEDC-4754-A213-FDBE97CCD6D6}.Release|Any CPU.Build.0 = Release|Any CPU
		{2384DA3A-F989-4B1B-9044-A005CE8F4AB6}.Debug|Any CPU.ActiveCfg = Debug|Any CPU
		{2384DA3A-F989-4B1B-9044-A005CE8F4AB6}.Debug|Any CPU.Build.0 = Debug|Any CPU
		{2384DA3A-F989-4B1B-9044-A005CE8F4AB6}.Release|Any CPU.ActiveCfg = Release|Any CPU
		{2384DA3A-F989-4B1B-9044-A005CE8F4AB6}.Release|Any CPU.Build.0 = Release|Any CPU
		{5D6CC7F3-0720-4242-A0FB-678E7D76F147}.Debug|Any CPU.ActiveCfg = Debug|Any CPU
		{5D6CC7F3-0720-4242-A0FB-678E7D76F147}.Debug|Any CPU.Build.0 = Debug|Any CPU
		{5D6CC7F3-0720-4242-A0FB-678E7D76F147}.Release|Any CPU.ActiveCfg = Release|Any CPU
		{5D6CC7F3-0720-4242-A0FB-678E7D76F147}.Release|Any CPU.Build.0 = Release|Any CPU
		{46AA8A4B-5A43-45F3-99E4-B7BAD0D47FEA}.Debug|Any CPU.ActiveCfg = Debug|Any CPU
		{46AA8A4B-5A43-45F3-99E4-B7BAD0D47FEA}.Debug|Any CPU.Build.0 = Debug|Any CPU
		{46AA8A4B-5A43-45F3-99E4-B7BAD0D47FEA}.Release|Any CPU.ActiveCfg = Release|Any CPU
		{46AA8A4B-5A43-45F3-99E4-B7BAD0D47FEA}.Release|Any CPU.Build.0 = Release|Any CPU
		{8D4F4138-EB36-4427-9A2B-10A50723268C}.Debug|Any CPU.ActiveCfg = Debug|Any CPU
		{8D4F4138-EB36-4427-9A2B-10A50723268C}.Debug|Any CPU.Build.0 = Debug|Any CPU
		{8D4F4138-EB36-4427-9A2B-10A50723268C}.Release|Any CPU.ActiveCfg = Release|Any CPU
		{8D4F4138-EB36-4427-9A2B-10A50723268C}.Release|Any CPU.Build.0 = Release|Any CPU
		{BC40E833-0EAA-4BBC-97D8-1541276BBA54}.Debug|Any CPU.ActiveCfg = Debug|Any CPU
		{BC40E833-0EAA-4BBC-97D8-1541276BBA54}.Debug|Any CPU.Build.0 = Debug|Any CPU
		{BC40E833-0EAA-4BBC-97D8-1541276BBA54}.Release|Any CPU.ActiveCfg = Release|Any CPU
		{BC40E833-0EAA-4BBC-97D8-1541276BBA54}.Release|Any CPU.Build.0 = Release|Any CPU
		{C1E7FE9C-0D98-4F1C-A6B2-11DFDB431F8A}.Debug|Any CPU.ActiveCfg = Debug|Any CPU
		{C1E7FE9C-0D98-4F1C-A6B2-11DFDB431F8A}.Debug|Any CPU.Build.0 = Debug|Any CPU
		{C1E7FE9C-0D98-4F1C-A6B2-11DFDB431F8A}.Release|Any CPU.ActiveCfg = Release|Any CPU
		{C1E7FE9C-0D98-4F1C-A6B2-11DFDB431F8A}.Release|Any CPU.Build.0 = Release|Any CPU
		{25400349-233E-404D-BB4E-A0CB4AF893EA}.Debug|Any CPU.ActiveCfg = Debug|Any CPU
		{25400349-233E-404D-BB4E-A0CB4AF893EA}.Debug|Any CPU.Build.0 = Debug|Any CPU
		{25400349-233E-404D-BB4E-A0CB4AF893EA}.Release|Any CPU.ActiveCfg = Release|Any CPU
		{25400349-233E-404D-BB4E-A0CB4AF893EA}.Release|Any CPU.Build.0 = Release|Any CPU
		{CC4D895F-646F-43C8-B25E-81CF5803ED7A}.Debug|Any CPU.ActiveCfg = Debug|Any CPU
		{CC4D895F-646F-43C8-B25E-81CF5803ED7A}.Debug|Any CPU.Build.0 = Debug|Any CPU
		{CC4D895F-646F-43C8-B25E-81CF5803ED7A}.Release|Any CPU.ActiveCfg = Release|Any CPU
		{CC4D895F-646F-43C8-B25E-81CF5803ED7A}.Release|Any CPU.Build.0 = Release|Any CPU
		{5292934A-D0E4-47FD-98FA-0A32B37657D3}.Debug|Any CPU.ActiveCfg = Debug|Any CPU
		{5292934A-D0E4-47FD-98FA-0A32B37657D3}.Debug|Any CPU.Build.0 = Debug|Any CPU
		{5292934A-D0E4-47FD-98FA-0A32B37657D3}.Release|Any CPU.ActiveCfg = Release|Any CPU
		{5292934A-D0E4-47FD-98FA-0A32B37657D3}.Release|Any CPU.Build.0 = Release|Any CPU
		{26405F4B-4532-4F48-A96F-594A70C12B3E}.Debug|Any CPU.ActiveCfg = Debug|Any CPU
		{26405F4B-4532-4F48-A96F-594A70C12B3E}.Debug|Any CPU.Build.0 = Debug|Any CPU
		{26405F4B-4532-4F48-A96F-594A70C12B3E}.Release|Any CPU.ActiveCfg = Release|Any CPU
		{26405F4B-4532-4F48-A96F-594A70C12B3E}.Release|Any CPU.Build.0 = Release|Any CPU
		{1070485B-D9FE-4AA2-889A-5F809021C447}.Debug|Any CPU.ActiveCfg = Debug|Any CPU
		{1070485B-D9FE-4AA2-889A-5F809021C447}.Debug|Any CPU.Build.0 = Debug|Any CPU
		{1070485B-D9FE-4AA2-889A-5F809021C447}.Release|Any CPU.ActiveCfg = Release|Any CPU
		{1070485B-D9FE-4AA2-889A-5F809021C447}.Release|Any CPU.Build.0 = Release|Any CPU
		{008028BF-EE7E-4D70-8FD5-14EC3AFA26DA}.Debug|Any CPU.ActiveCfg = Debug|Any CPU
		{008028BF-EE7E-4D70-8FD5-14EC3AFA26DA}.Debug|Any CPU.Build.0 = Debug|Any CPU
		{008028BF-EE7E-4D70-8FD5-14EC3AFA26DA}.Release|Any CPU.ActiveCfg = Release|Any CPU
		{008028BF-EE7E-4D70-8FD5-14EC3AFA26DA}.Release|Any CPU.Build.0 = Release|Any CPU
		{71BD4FA9-4CA8-426B-92D0-D32CF9D40794}.Debug|Any CPU.ActiveCfg = Debug|Any CPU
		{71BD4FA9-4CA8-426B-92D0-D32CF9D40794}.Debug|Any CPU.Build.0 = Debug|Any CPU
		{71BD4FA9-4CA8-426B-92D0-D32CF9D40794}.Release|Any CPU.ActiveCfg = Release|Any CPU
		{71BD4FA9-4CA8-426B-92D0-D32CF9D40794}.Release|Any CPU.Build.0 = Release|Any CPU
		{068202CC-E943-4718-9771-62D72E50623E}.Debug|Any CPU.ActiveCfg = Debug|Any CPU
		{068202CC-E943-4718-9771-62D72E50623E}.Debug|Any CPU.Build.0 = Debug|Any CPU
		{068202CC-E943-4718-9771-62D72E50623E}.Release|Any CPU.ActiveCfg = Release|Any CPU
		{068202CC-E943-4718-9771-62D72E50623E}.Release|Any CPU.Build.0 = Release|Any CPU
		{6692F3F4-E1EA-4D53-B0A1-2DBA67414FC2}.Debug|Any CPU.ActiveCfg = Debug|Any CPU
		{6692F3F4-E1EA-4D53-B0A1-2DBA67414FC2}.Debug|Any CPU.Build.0 = Debug|Any CPU
		{6692F3F4-E1EA-4D53-B0A1-2DBA67414FC2}.Release|Any CPU.ActiveCfg = Release|Any CPU
		{6692F3F4-E1EA-4D53-B0A1-2DBA67414FC2}.Release|Any CPU.Build.0 = Release|Any CPU
		{47E66422-AEFC-4B28-92C3-356FFD2E783C}.Debug|Any CPU.ActiveCfg = Debug|Any CPU
		{47E66422-AEFC-4B28-92C3-356FFD2E783C}.Debug|Any CPU.Build.0 = Debug|Any CPU
		{47E66422-AEFC-4B28-92C3-356FFD2E783C}.Release|Any CPU.ActiveCfg = Release|Any CPU
		{47E66422-AEFC-4B28-92C3-356FFD2E783C}.Release|Any CPU.Build.0 = Release|Any CPU
		{DE8D6CFE-29E2-4B00-A32B-A85A5CA583C6}.Debug|Any CPU.ActiveCfg = Debug|Any CPU
		{DE8D6CFE-29E2-4B00-A32B-A85A5CA583C6}.Debug|Any CPU.Build.0 = Debug|Any CPU
		{DE8D6CFE-29E2-4B00-A32B-A85A5CA583C6}.Release|Any CPU.ActiveCfg = Release|Any CPU
		{DE8D6CFE-29E2-4B00-A32B-A85A5CA583C6}.Release|Any CPU.Build.0 = Release|Any CPU
		{457CBBF3-26C7-478B-B4EB-1F85FF3C07F5}.Debug|Any CPU.ActiveCfg = Debug|Any CPU
		{457CBBF3-26C7-478B-B4EB-1F85FF3C07F5}.Debug|Any CPU.Build.0 = Debug|Any CPU
		{457CBBF3-26C7-478B-B4EB-1F85FF3C07F5}.Release|Any CPU.ActiveCfg = Release|Any CPU
		{457CBBF3-26C7-478B-B4EB-1F85FF3C07F5}.Release|Any CPU.Build.0 = Release|Any CPU
		{CF81F12F-4EFA-4A26-9853-DF86973533CE}.Debug|Any CPU.ActiveCfg = Debug|Any CPU
		{CF81F12F-4EFA-4A26-9853-DF86973533CE}.Debug|Any CPU.Build.0 = Debug|Any CPU
		{CF81F12F-4EFA-4A26-9853-DF86973533CE}.Release|Any CPU.ActiveCfg = Release|Any CPU
		{CF81F12F-4EFA-4A26-9853-DF86973533CE}.Release|Any CPU.Build.0 = Release|Any CPU
	EndGlobalSection
	GlobalSection(SolutionProperties) = preSolution
		HideSolutionNode = FALSE
	EndGlobalSection
	GlobalSection(NestedProjects) = preSolution
		{F2F3FEB2-8453-409E-B00C-96DC64AC8020} = {BE0BEC3B-45B1-4C4E-BCE0-5CBCD28D8475}
		{8E354191-E8E5-498B-9C24-A6765DA86417} = {BE0BEC3B-45B1-4C4E-BCE0-5CBCD28D8475}
		{BBC6C938-95A5-4CBF-AA6B-DA2A9A09C4F1} = {BE0BEC3B-45B1-4C4E-BCE0-5CBCD28D8475}
		{6ADD41DC-F168-43C4-AD4E-F6B8218D8F7C} = {BE0BEC3B-45B1-4C4E-BCE0-5CBCD28D8475}
		{F9D2ED94-6FA3-46FB-A50B-83C486F33EEB} = {BE0BEC3B-45B1-4C4E-BCE0-5CBCD28D8475}
		{0781AD0F-EB0F-442E-9A1C-34C2AA9319FD} = {BE0BEC3B-45B1-4C4E-BCE0-5CBCD28D8475}
		{ED3283B6-9691-4418-96D0-6E83AEE37540} = {BE0BEC3B-45B1-4C4E-BCE0-5CBCD28D8475}
		{4AE2D764-4161-453D-8B2D-BD66607EC27A} = {BE0BEC3B-45B1-4C4E-BCE0-5CBCD28D8475}
		{38A041E6-5AA9-4C22-B96F-35167F171959} = {BE0BEC3B-45B1-4C4E-BCE0-5CBCD28D8475}
		{7EE0B116-6B49-4073-99D8-827DD68B8AE0} = {BE0BEC3B-45B1-4C4E-BCE0-5CBCD28D8475}
		{9EEF1863-44BE-423E-A29D-088C23AAC45E} = {BE0BEC3B-45B1-4C4E-BCE0-5CBCD28D8475}
		{809F0D79-AEDC-4754-A213-FDBE97CCD6D6} = {BE0BEC3B-45B1-4C4E-BCE0-5CBCD28D8475}
		{2384DA3A-F989-4B1B-9044-A005CE8F4AB6} = {66493256-532E-439D-9F3E-5C7BB8C9C7AA}
		{5D6CC7F3-0720-4242-A0FB-678E7D76F147} = {66493256-532E-439D-9F3E-5C7BB8C9C7AA}
		{46AA8A4B-5A43-45F3-99E4-B7BAD0D47FEA} = {66493256-532E-439D-9F3E-5C7BB8C9C7AA}
		{8D4F4138-EB36-4427-9A2B-10A50723268C} = {66493256-532E-439D-9F3E-5C7BB8C9C7AA}
		{BC40E833-0EAA-4BBC-97D8-1541276BBA54} = {66493256-532E-439D-9F3E-5C7BB8C9C7AA}
		{C1E7FE9C-0D98-4F1C-A6B2-11DFDB431F8A} = {66493256-532E-439D-9F3E-5C7BB8C9C7AA}
		{25400349-233E-404D-BB4E-A0CB4AF893EA} = {66493256-532E-439D-9F3E-5C7BB8C9C7AA}
		{CC4D895F-646F-43C8-B25E-81CF5803ED7A} = {66493256-532E-439D-9F3E-5C7BB8C9C7AA}
		{5292934A-D0E4-47FD-98FA-0A32B37657D3} = {66493256-532E-439D-9F3E-5C7BB8C9C7AA}
		{26405F4B-4532-4F48-A96F-594A70C12B3E} = {66493256-532E-439D-9F3E-5C7BB8C9C7AA}
		{1070485B-D9FE-4AA2-889A-5F809021C447} = {66493256-532E-439D-9F3E-5C7BB8C9C7AA}
		{008028BF-EE7E-4D70-8FD5-14EC3AFA26DA} = {66493256-532E-439D-9F3E-5C7BB8C9C7AA}
		{71BD4FA9-4CA8-426B-92D0-D32CF9D40794} = {66493256-532E-439D-9F3E-5C7BB8C9C7AA}
		{068202CC-E943-4718-9771-62D72E50623E} = {66493256-532E-439D-9F3E-5C7BB8C9C7AA}
		{6692F3F4-E1EA-4D53-B0A1-2DBA67414FC2} = {66493256-532E-439D-9F3E-5C7BB8C9C7AA}
		{47E66422-AEFC-4B28-92C3-356FFD2E783C} = {66493256-532E-439D-9F3E-5C7BB8C9C7AA}
		{DE8D6CFE-29E2-4B00-A32B-A85A5CA583C6} = {66493256-532E-439D-9F3E-5C7BB8C9C7AA}
		{457CBBF3-26C7-478B-B4EB-1F85FF3C07F5} = {66493256-532E-439D-9F3E-5C7BB8C9C7AA}
		{CF81F12F-4EFA-4A26-9853-DF86973533CE} = {BE0BEC3B-45B1-4C4E-BCE0-5CBCD28D8475}
	EndGlobalSection
	GlobalSection(ExtensibilityGlobals) = postSolution
		SolutionGuid = {51117004-2C3A-426A-86DF-7881F4FEF766}
	EndGlobalSection
EndGlobal
